
Microsoft Visual Studio Solution File, Format Version 12.00
# Visual Studio Version 17
VisualStudioVersion = 17.1.32414.318
MinimumVisualStudioVersion = 10.0.40219.1
Project("{9A19103F-16F7-4668-BE54-9A1E7A4F7556}") = "EmployeesPairWork.Web", "EmployeesPairWork.Web\EmployeesPairWork.Web.csproj", "{066D27EA-B0B9-4267-9C63-293B1CEFCFC7}"
EndProject
Project("{9A19103F-16F7-4668-BE54-9A1E7A4F7556}") = "EmployeesPairWork.Services", "EmployeesPairWork.Services\EmployeesPairWork.Services.csproj", "{7B048B5E-4E07-4A0B-B771-736F1CEEC656}"
EndProject
Project("{9A19103F-16F7-4668-BE54-9A1E7A4F7556}") = "EmployeesPairWork.Models", "EmployeesPairWork.Models\EmployeesPairWork.Models.csproj", "{65CA8626-1B72-4D55-854D-327D0386B4B4}"
EndProject
Project("{FAE04EC0-301F-11D3-BF4B-00C04F79EFBC}") = "EmployeesPairWork.Library", "EmployeesPairWork.Library\EmployeesPairWork.Library.csproj", "{03DF937A-5756-4938-9BDD-3AF96F2B0F66}"
EndProject
Global
	GlobalSection(SolutionConfigurationPlatforms) = preSolution
		Debug|Any CPU = Debug|Any CPU
		Release|Any CPU = Release|Any CPU
	EndGlobalSection
	GlobalSection(ProjectConfigurationPlatforms) = postSolution
		{066D27EA-B0B9-4267-9C63-293B1CEFCFC7}.Debug|Any CPU.ActiveCfg = Debug|Any CPU
		{066D27EA-B0B9-4267-9C63-293B1CEFCFC7}.Debug|Any CPU.Build.0 = Debug|Any CPU
		{066D27EA-B0B9-4267-9C63-293B1CEFCFC7}.Release|Any CPU.ActiveCfg = Release|Any CPU
		{066D27EA-B0B9-4267-9C63-293B1CEFCFC7}.Release|Any CPU.Build.0 = Release|Any CPU
		{7B048B5E-4E07-4A0B-B771-736F1CEEC656}.Debug|Any CPU.ActiveCfg = Debug|Any CPU
		{7B048B5E-4E07-4A0B-B771-736F1CEEC656}.Debug|Any CPU.Build.0 = Debug|Any CPU
		{7B048B5E-4E07-4A0B-B771-736F1CEEC656}.Release|Any CPU.ActiveCfg = Release|Any CPU
		{7B048B5E-4E07-4A0B-B771-736F1CEEC656}.Release|Any CPU.Build.0 = Release|Any CPU
		{65CA8626-1B72-4D55-854D-327D0386B4B4}.Debug|Any CPU.ActiveCfg = Debug|Any CPU
		{65CA8626-1B72-4D55-854D-327D0386B4B4}.Debug|Any CPU.Build.0 = Debug|Any CPU
		{65CA8626-1B72-4D55-854D-327D0386B4B4}.Release|Any CPU.ActiveCfg = Release|Any CPU
		{65CA8626-1B72-4D55-854D-327D0386B4B4}.Release|Any CPU.Build.0 = Release|Any CPU
		{03DF937A-5756-4938-9BDD-3AF96F2B0F66}.Debug|Any CPU.ActiveCfg = Debug|Any CPU
		{03DF937A-5756-4938-9BDD-3AF96F2B0F66}.Debug|Any CPU.Build.0 = Debug|Any CPU
		{03DF937A-5756-4938-9BDD-3AF96F2B0F66}.Release|Any CPU.ActiveCfg = Release|Any CPU
		{03DF937A-5756-4938-9BDD-3AF96F2B0F66}.Release|Any CPU.Build.0 = Release|Any CPU
	EndGlobalSection
	GlobalSection(SolutionProperties) = preSolution
		HideSolutionNode = FALSE
	EndGlobalSection
	GlobalSection(ExtensibilityGlobals) = postSolution
		SolutionGuid = {04ECDFD8-419B-4E5A-8729-0E31A6EACEB6}
	EndGlobalSection
EndGlobal
